
Microsoft Visual Studio Solution File, Format Version 12.00
# Visual Studio Version 17
VisualStudioVersion = 17.0.31919.166
MinimumVisualStudioVersion = 10.0.40219.1
Project("{9A19103F-16F7-4668-BE54-9A1E7A4F7556}") = "TelegramWebhook", "TelegramWebhook.csproj", "{AC3FB062-F003-45D3-93FB-C2C0696C61A3}"
EndProject
Global
	GlobalSection(SolutionConfigurationPlatforms) = preSolution
		Debug|Any CPU = Debug|Any CPU
		Release|Any CPU = Release|Any CPU
	EndGlobalSection
	GlobalSection(ProjectConfigurationPlatforms) = postSolution
		{AC3FB062-F003-45D3-93FB-C2C0696C61A3}.Debug|Any CPU.ActiveCfg = Debug|Any CPU
		{AC3FB062-F003-45D3-93FB-C2C0696C61A3}.Debug|Any CPU.Build.0 = Debug|Any CPU
		{AC3FB062-F003-45D3-93FB-C2C0696C61A3}.Release|Any CPU.ActiveCfg = Release|Any CPU
		{AC3FB062-F003-45D3-93FB-C2C0696C61A3}.Release|Any CPU.Build.0 = Release|Any CPU
	EndGlobalSection
	GlobalSection(SolutionProperties) = preSolution
		HideSolutionNode = FALSE
	EndGlobalSection
	GlobalSection(ExtensibilityGlobals) = postSolution
		SolutionGuid = {1617B333-12C9-4EB9-BD61-62DF5676F5B7}
	EndGlobalSection
EndGlobal
